
Microsoft Visual Studio Solution File, Format Version 12.00
# Visual Studio Version 17
VisualStudioVersion = 17.8.34112.27
MinimumVisualStudioVersion = 10.0.40219.1
Project("{FAE04EC0-301F-11D3-BF4B-00C04F79EFBC}") = "pomocDlaOskiego", "pomocDlaOskiego\pomocDlaOskiego.csproj", "{61F7BAFC-00CB-46FD-9985-98643B08BEF3}"
EndProject
Global
	GlobalSection(SolutionConfigurationPlatforms) = preSolution
		Debug|Any CPU = Debug|Any CPU
		Release|Any CPU = Release|Any CPU
	EndGlobalSection
	GlobalSection(ProjectConfigurationPlatforms) = postSolution
		{61F7BAFC-00CB-46FD-9985-98643B08BEF3}.Debug|Any CPU.ActiveCfg = Debug|Any CPU
		{61F7BAFC-00CB-46FD-9985-98643B08BEF3}.Debug|Any CPU.Build.0 = Debug|Any CPU
		{61F7BAFC-00CB-46FD-9985-98643B08BEF3}.Release|Any CPU.ActiveCfg = Release|Any CPU
		{61F7BAFC-00CB-46FD-9985-98643B08BEF3}.Release|Any CPU.Build.0 = Release|Any CPU
	EndGlobalSection
	GlobalSection(SolutionProperties) = preSolution
		HideSolutionNode = FALSE
	EndGlobalSection
	GlobalSection(ExtensibilityGlobals) = postSolution
		SolutionGuid = {A120B168-87E4-4AB4-B147-86F4F3400D37}
	EndGlobalSection
EndGlobal
